
Microsoft Visual Studio Solution File, Format Version 12.00
# Visual Studio Version 17
VisualStudioVersion = 17.0.31903.59
MinimumVisualStudioVersion = 10.0.40219.1
Project("{FAE04EC0-301F-11D3-BF4B-00C04F79EFBC}") = "ProductService", "ProductService\ProductService.csproj", "{A85EDA63-17F5-400F-935F-58A03B7CF7DF}"
EndProject
Project("{FAE04EC0-301F-11D3-BF4B-00C04F79EFBC}") = "CommentService", "CommentService\CommentService.csproj", "{A95B1026-D940-438C-B981-AB459AD36B26}"
EndProject
Project("{FAE04EC0-301F-11D3-BF4B-00C04F79EFBC}") = "UtilityApp", "UtilityApp\UtilityApp.csproj", "{592045FA-0B10-4BEA-ACA3-F69AAAFB15C1}"
EndProject
Project("{2150E333-8FDC-42A3-9474-1A3956D46DE8}") = "Solution Items", "Solution Items", "{A38171F3-6CF5-43DE-AF62-A6417A2FF7EB}"
	ProjectSection(SolutionItems) = preProject
		README.md = README.md
	EndProjectSection
EndProject
Global
	GlobalSection(SolutionConfigurationPlatforms) = preSolution
		Debug|Any CPU = Debug|Any CPU
		Release|Any CPU = Release|Any CPU
	EndGlobalSection
	GlobalSection(ProjectConfigurationPlatforms) = postSolution
		{A85EDA63-17F5-400F-935F-58A03B7CF7DF}.Debug|Any CPU.ActiveCfg = Debug|Any CPU
		{A85EDA63-17F5-400F-935F-58A03B7CF7DF}.Debug|Any CPU.Build.0 = Debug|Any CPU
		{A85EDA63-17F5-400F-935F-58A03B7CF7DF}.Release|Any CPU.ActiveCfg = Release|Any CPU
		{A85EDA63-17F5-400F-935F-58A03B7CF7DF}.Release|Any CPU.Build.0 = Release|Any CPU
		{A95B1026-D940-438C-B981-AB459AD36B26}.Debug|Any CPU.ActiveCfg = Debug|Any CPU
		{A95B1026-D940-438C-B981-AB459AD36B26}.Debug|Any CPU.Build.0 = Debug|Any CPU
		{A95B1026-D940-438C-B981-AB459AD36B26}.Release|Any CPU.ActiveCfg = Release|Any CPU
		{A95B1026-D940-438C-B981-AB459AD36B26}.Release|Any CPU.Build.0 = Release|Any CPU
		{592045FA-0B10-4BEA-ACA3-F69AAAFB15C1}.Debug|Any CPU.ActiveCfg = Debug|Any CPU
		{592045FA-0B10-4BEA-ACA3-F69AAAFB15C1}.Debug|Any CPU.Build.0 = Debug|Any CPU
		{592045FA-0B10-4BEA-ACA3-F69AAAFB15C1}.Release|Any CPU.ActiveCfg = Release|Any CPU
		{592045FA-0B10-4BEA-ACA3-F69AAAFB15C1}.Release|Any CPU.Build.0 = Release|Any CPU
	EndGlobalSection
	GlobalSection(SolutionProperties) = preSolution
		HideSolutionNode = FALSE
	EndGlobalSection
EndGlobal
